
Microsoft Visual Studio Solution File, Format Version 12.00
# Visual Studio 2012
Project("{FAE04EC0-301F-11D3-BF4B-00C04F79EFBC}") = "tabrath.SimpleStorage", "src\tabrath.SimpleStorage\tabrath.SimpleStorage.csproj", "{76AD3DFD-72D1-4F97-87B7-AF7BFCAD15F5}"
EndProject
Project("{FAE04EC0-301F-11D3-BF4B-00C04F79EFBC}") = "tabrath.SimpleStorage.Example", "src\tabrath.SimpleStorage.Example\tabrath.SimpleStorage.Example.csproj", "{5F280954-2172-4ED5-B07C-3550AF2F1306}"
EndProject
Global
	GlobalSection(SolutionConfigurationPlatforms) = preSolution
		Debug|Any CPU = Debug|Any CPU
		Release|Any CPU = Release|Any CPU
	EndGlobalSection
	GlobalSection(ProjectConfigurationPlatforms) = postSolution
		{76AD3DFD-72D1-4F97-87B7-AF7BFCAD15F5}.Debug|Any CPU.ActiveCfg = Debug|Any CPU
		{76AD3DFD-72D1-4F97-87B7-AF7BFCAD15F5}.Debug|Any CPU.Build.0 = Debug|Any CPU
		{76AD3DFD-72D1-4F97-87B7-AF7BFCAD15F5}.Release|Any CPU.ActiveCfg = Release|Any CPU
		{76AD3DFD-72D1-4F97-87B7-AF7BFCAD15F5}.Release|Any CPU.Build.0 = Release|Any CPU
		{5F280954-2172-4ED5-B07C-3550AF2F1306}.Debug|Any CPU.ActiveCfg = Debug|Any CPU
		{5F280954-2172-4ED5-B07C-3550AF2F1306}.Debug|Any CPU.Build.0 = Debug|Any CPU
		{5F280954-2172-4ED5-B07C-3550AF2F1306}.Release|Any CPU.ActiveCfg = Release|Any CPU
		{5F280954-2172-4ED5-B07C-3550AF2F1306}.Release|Any CPU.Build.0 = Release|Any CPU
	EndGlobalSection
	GlobalSection(SolutionProperties) = preSolution
		HideSolutionNode = FALSE
	EndGlobalSection
EndGlobal
